
Microsoft Visual Studio Solution File, Format Version 11.00
# Visual Studio 2010
Project("{FAE04EC0-301F-11D3-BF4B-00C04F79EFBC}") = "411f1135e3805544eb09f42a6982a92c", "Assembly-CSharp.csproj", "{8EFC558E-B6AB-4D2A-B2DF-50067CB2CC71}"
EndProject
Global
	GlobalSection(SolutionConfigurationPlatforms) = preSolution
		Debug|Any CPU = Debug|Any CPU
		Release|Any CPU = Release|Any CPU
	EndGlobalSection
	GlobalSection(ProjectConfigurationPlatforms) = postSolution
		{8EFC558E-B6AB-4D2A-B2DF-50067CB2CC71}.Debug|Any CPU.ActiveCfg = Debug|Any CPU
		{8EFC558E-B6AB-4D2A-B2DF-50067CB2CC71}.Debug|Any CPU.Build.0 = Debug|Any CPU
		{8EFC558E-B6AB-4D2A-B2DF-50067CB2CC71}.Release|Any CPU.ActiveCfg = Release|Any CPU
		{8EFC558E-B6AB-4D2A-B2DF-50067CB2CC71}.Release|Any CPU.Build.0 = Release|Any CPU
	EndGlobalSection
	GlobalSection(SolutionProperties) = preSolution
		HideSolutionNode = FALSE
	EndGlobalSection
	GlobalSection(MonoDevelopProperties) = preSolution
		StartupItem = Assembly-CSharp.csproj
	EndGlobalSection
EndGlobal
